
Microsoft Visual Studio Solution File, Format Version 12.00
# Visual Studio Version 17
VisualStudioVersion = 17.4.33110.190
MinimumVisualStudioVersion = 10.0.40219.1
Project("{FAE04EC0-301F-11D3-BF4B-00C04F79EFBC}") = "Registration_Services", "Registration_Services.csproj", "{BE2780C7-F911-4896-BD7B-943003417058}"
EndProject
Global
	GlobalSection(SolutionConfigurationPlatforms) = preSolution
		Debug|Any CPU = Debug|Any CPU
		Release|Any CPU = Release|Any CPU
	EndGlobalSection
	GlobalSection(ProjectConfigurationPlatforms) = postSolution
		{BE2780C7-F911-4896-BD7B-943003417058}.Debug|Any CPU.ActiveCfg = Debug|Any CPU
		{BE2780C7-F911-4896-BD7B-943003417058}.Debug|Any CPU.Build.0 = Debug|Any CPU
		{BE2780C7-F911-4896-BD7B-943003417058}.Release|Any CPU.ActiveCfg = Release|Any CPU
		{BE2780C7-F911-4896-BD7B-943003417058}.Release|Any CPU.Build.0 = Release|Any CPU
	EndGlobalSection
	GlobalSection(SolutionProperties) = preSolution
		HideSolutionNode = FALSE
	EndGlobalSection
	GlobalSection(ExtensibilityGlobals) = postSolution
		SolutionGuid = {8B41E487-C904-4118-8BD6-C77FA09298A0}
	EndGlobalSection
EndGlobal
